version = 1
revision = 3
requires-python = ">=3.14"

[[package]]
name = "purchase-toolkit"
version = "0.1.0"
source = { git = "https://github.com/ochoaenzo/purchase-toolkit.git#60e0e84576f12bfe298306ddba545ec778096e8d" }
dependencies = [
    { name = "pypdf" },
]

[[package]]
name = "purchase-toolkit-ops"
version = "0.1.0"
source = { virtual = "." }
dependencies = [
    { name = "purchase-toolkit" },
]

[package.metadata]
requires-dist = [{ name = "purchase-toolkit", git = "https://github.com/ochoaenzo/purchase-toolkit.git" }]

[[package]]
name = "pypdf"
version = "6.17.0"
source = { registry = "https://pypi.org/simple" }
sdist = { url = "https://files.pythonhosted.org/packages/5d/dc/34857a5e31cf708c163929f61a9ba4bd357a8850e49fc4e846ced527b51f/pypdf-6.17.0.tar.gz", hash = "sha256:097ad0d829778ec5b615aeaa5c6da4b6cac4992f8fd80b56f98a1a8c006573bb", size = 7018352, upload-time = "2026-09-04T11:30:44.256Z" }
wheels = [
    { url = "https://files.pythonhosted.org/packages/c1/08/1e9731038124a9127e1d27848952b86fb32b2f45f8f1b94adc7f0817a6ac/pypdf-6.17.0-py3-none-any.whl", hash = "sha256:5bd827266a21553b74d910e350131a6227b72f2ab4209bf372814b8195fa11c5", size = 388051, upload-time = "2026-09-04T11:30:42.681Z" },
]
